
Microsoft Visual Studio Solution File, Format Version 12.00
# Visual Studio Version 16
VisualStudioVersion = 16.0.30002.166
MinimumVisualStudioVersion = 10.0.40219.1
Project("{FAE04EC0-301F-11D3-BF4B-00C04F79EFBC}") = "DatingApp.API", "DatingApp.API\DatingApp.API.csproj", "{CCED5A4C-6391-4A30-A24C-349EBF3B720C}"
EndProject
Project("{FAE04EC0-301F-11D3-BF4B-00C04F79EFBC}") = "DatingApp.SPA", "DatingApp.SPA\DatingApp.SPA.csproj", "{5AD8C46C-E25A-43AD-8C4E-0BE130CBDB04}"
EndProject
Global
	GlobalSection(SolutionConfigurationPlatforms) = preSolution
		Debug|Any CPU = Debug|Any CPU
		Release|Any CPU = Release|Any CPU
	EndGlobalSection
	GlobalSection(ProjectConfigurationPlatforms) = postSolution
		{CCED5A4C-6391-4A30-A24C-349EBF3B720C}.Debug|Any CPU.ActiveCfg = Debug|Any CPU
		{CCED5A4C-6391-4A30-A24C-349EBF3B720C}.Debug|Any CPU.Build.0 = Debug|Any CPU
		{CCED5A4C-6391-4A30-A24C-349EBF3B720C}.Release|Any CPU.ActiveCfg = Release|Any CPU
		{CCED5A4C-6391-4A30-A24C-349EBF3B720C}.Release|Any CPU.Build.0 = Release|Any CPU
		{5AD8C46C-E25A-43AD-8C4E-0BE130CBDB04}.Debug|Any CPU.ActiveCfg = Debug|Any CPU
		{5AD8C46C-E25A-43AD-8C4E-0BE130CBDB04}.Debug|Any CPU.Build.0 = Debug|Any CPU
		{5AD8C46C-E25A-43AD-8C4E-0BE130CBDB04}.Release|Any CPU.ActiveCfg = Release|Any CPU
		{5AD8C46C-E25A-43AD-8C4E-0BE130CBDB04}.Release|Any CPU.Build.0 = Release|Any CPU
	EndGlobalSection
	GlobalSection(SolutionProperties) = preSolution
		HideSolutionNode = FALSE
	EndGlobalSection
	GlobalSection(ExtensibilityGlobals) = postSolution
		SolutionGuid = {5AF1E257-D049-439D-8F79-98EF1AA9BC80}
	EndGlobalSection
EndGlobal
